// !$*UTF8*$!
{
	archiveVersion = 1;
	classes = {
	};
	objectVersion = 56;
	objects = {

/* Begin PBXBuildFile section */
		603597772A9FAE9400696F77 /* Calculator.swift in Sources */ = {isa = PBXBuildFile; fileRef = 603597762A9FAE9400696F77 /* Calculator.swift */; };
		6062FFBF2AC084E100C4F91F /* StorageManager.swift in Sources */ = {isa = PBXBuildFile; fileRef = 6062FFBE2AC084E100C4F91F /* StorageManager.swift */; };
		6062FFC12AC091C600C4F91F /* ResultViewControllers.swift in Sources */ = {isa = PBXBuildFile; fileRef = 6062FFC02AC091C600C4F91F /* ResultViewControllers.swift */; };
		60C7D6692A9F58EE004C31F3 /* AppDelegate.swift in Sources */ = {isa = PBXBuildFile; fileRef = 60C7D6682A9F58EE004C31F3 /* AppDelegate.swift */; };
		60C7D66B2A9F58EE004C31F3 /* SceneDelegate.swift in Sources */ = {isa = PBXBuildFile; fileRef = 60C7D66A2A9F58EE004C31F3 /* SceneDelegate.swift */; };
		60C7D66D2A9F58EE004C31F3 /* CalculateViewController.swift in Sources */ = {isa = PBXBuildFile; fileRef = 60C7D66C2A9F58EE004C31F3 /* CalculateViewController.swift */; };
		60C7D6702A9F58EE004C31F3 /* Main.storyboard in Resources */ = {isa = PBXBuildFile; fileRef = 60C7D66E2A9F58EE004C31F3 /* Main.storyboard */; };
		60C7D6722A9F58EF004C31F3 /* Assets.xcassets in Resources */ = {isa = PBXBuildFile; fileRef = 60C7D6712A9F58EF004C31F3 /* Assets.xcassets */; };
		60C7D6752A9F58EF004C31F3 /* LaunchScreen.storyboard in Resources */ = {isa = PBXBuildFile; fileRef = 60C7D6732A9F58EF004C31F3 /* LaunchScreen.storyboard */; };
		60C7D67D2A9F7E47004C31F3 /* ProfileViewController.swift in Sources */ = {isa = PBXBuildFile; fileRef = 60C7D67C2A9F7E47004C31F3 /* ProfileViewController.swift */; };
		60C7D67F2A9F83A0004C31F3 /* TabBarViewController.swift in Sources */ = {isa = PBXBuildFile; fileRef = 60C7D67E2A9F83A0004C31F3 /* TabBarViewController.swift */; };
/* End PBXBuildFile section */

/* Begin PBXFileReference section */
		603597762A9FAE9400696F77 /* Calculator.swift */ = {isa = PBXFileReference; lastKnownFileType = sourcecode.swift; path = Calculator.swift; sourceTree = "<group>"; };
		6062FFBE2AC084E100C4F91F /* StorageManager.swift */ = {isa = PBXFileReference; lastKnownFileType = sourcecode.swift; path = StorageManager.swift; sourceTree = "<group>"; };
		6062FFC02AC091C600C4F91F /* ResultViewControllers.swift */ = {isa = PBXFileReference; lastKnownFileType = sourcecode.swift; path = ResultViewControllers.swift; sourceTree = "<group>"; };
		60C7D6652A9F58EE004C31F3 /* Calculato calories.app */ = {isa = PBXFileReference; explicitFileType = wrapper.application; includeInIndex = 0; path = "Calculato calories.app"; sourceTree = BUILT_PRODUCTS_DIR; };
		60C7D6682A9F58EE004C31F3 /* AppDelegate.swift */ = {isa = PBXFileReference; lastKnownFileType = sourcecode.swift; path = AppDelegate.swift; sourceTree = "<group>"; };
		60C7D66A2A9F58EE004C31F3 /* SceneDelegate.swift */ = {isa = PBXFileReference; lastKnownFileType = sourcecode.swift; path = SceneDelegate.swift; sourceTree = "<group>"; };
		60C7D66C2A9F58EE004C31F3 /* CalculateViewController.swift */ = {isa = PBXFileReference; lastKnownFileType = sourcecode.swift; path = CalculateViewController.swift; sourceTree = "<group>"; };
		60C7D66F2A9F58EE004C31F3 /* Base */ = {isa = PBXFileReference; lastKnownFileType = file.storyboard; name = Base; path = Base.lproj/Main.storyboard; sourceTree = "<group>"; };
		60C7D6712A9F58EF004C31F3 /* Assets.xcassets */ = {isa = PBXFileReference; lastKnownFileType = folder.assetcatalog; path = Assets.xcassets; sourceTree = "<group>"; };
		60C7D6742A9F58EF004C31F3 /* Base */ = {isa = PBXFileReference; lastKnownFileType = file.storyboard; name = Base; path = Base.lproj/LaunchScreen.storyboard; sourceTree = "<group>"; };
		60C7D6762A9F58EF004C31F3 /* Info.plist */ = {isa = PBXFileReference; lastKnownFileType = text.plist.xml; path = Info.plist; sourceTree = "<group>"; };
		60C7D67C2A9F7E47004C31F3 /* ProfileViewController.swift */ = {isa = PBXFileReference; lastKnownFileType = sourcecode.swift; path = ProfileViewController.swift; sourceTree = "<group>"; };
		60C7D67E2A9F83A0004C31F3 /* TabBarViewController.swift */ = {isa = PBXFileReference; lastKnownFileType = sourcecode.swift; path = TabBarViewController.swift; sourceTree = "<group>"; };
/* End PBXFileReference section */

/* Begin PBXFrameworksBuildPhase section */
		60C7D6622A9F58EE004C31F3 /* Frameworks */ = {
			isa = PBXFrameworksBuildPhase;
			buildActionMask = 2147483647;
			files = (
			);
			runOnlyForDeploymentPostprocessing = 0;
		};
/* End PBXFrameworksBuildPhase section */

/* Begin PBXGroup section */
		603597752A9FADB700696F77 /* Models */ = {
			isa = PBXGroup;
			children = (
				603597762A9FAE9400696F77 /* Calculator.swift */,
			);
			path = Models;
			sourceTree = "<group>";
		};
		6062FFBD2AC084B300C4F91F /* Services */ = {
			isa = PBXGroup;
			children = (
				6062FFBE2AC084E100C4F91F /* StorageManager.swift */,
			);
			path = Services;
			sourceTree = "<group>";
		};
		60C7D65C2A9F58EE004C31F3 = {
			isa = PBXGroup;
			children = (
				60C7D6672A9F58EE004C31F3 /* Calculato calories */,
				60C7D6662A9F58EE004C31F3 /* Products */,
			);
			sourceTree = "<group>";
		};
		60C7D6662A9F58EE004C31F3 /* Products */ = {
			isa = PBXGroup;
			children = (
				60C7D6652A9F58EE004C31F3 /* Calculato calories.app */,
			);
			name = Products;
			sourceTree = "<group>";
		};
		60C7D6672A9F58EE004C31F3 /* Calculato calories */ = {
			isa = PBXGroup;
			children = (
				6062FFBD2AC084B300C4F91F /* Services */,
				60C7D6802A9F91DA004C31F3 /* ViewControllers */,
				603597752A9FADB700696F77 /* Models */,
				60C7D6812A9F9284004C31F3 /* StoryBoards */,
				60C7D6822A9F929F004C31F3 /* App */,
				60C7D6832A9F92AD004C31F3 /* Resources */,
			);
			path = "Calculato calories";
			sourceTree = "<group>";
		};
		60C7D6802A9F91DA004C31F3 /* ViewControllers */ = {
			isa = PBXGroup;
			children = (
				60C7D67C2A9F7E47004C31F3 /* ProfileViewController.swift */,
				60C7D66C2A9F58EE004C31F3 /* CalculateViewController.swift */,
				60C7D67E2A9F83A0004C31F3 /* TabBarViewController.swift */,
				6062FFC02AC091C600C4F91F /* ResultViewControllers.swift */,
			);
			path = ViewControllers;
			sourceTree = "<group>";
		};
		60C7D6812A9F9284004C31F3 /* StoryBoards */ = {
			isa = PBXGroup;
			children = (
				60C7D66E2A9F58EE004C31F3 /* Main.storyboard */,
				60C7D6732A9F58EF004C31F3 /* LaunchScreen.storyboard */,
			);
			path = StoryBoards;
			sourceTree = "<group>";
		};
		60C7D6822A9F929F004C31F3 /* App */ = {
			isa = PBXGroup;
			children = (
				60C7D6682A9F58EE004C31F3 /* AppDelegate.swift */,
				60C7D66A2A9F58EE004C31F3 /* SceneDelegate.swift */,
				60C7D6762A9F58EF004C31F3 /* Info.plist */,
			);
			path = App;
			sourceTree = "<group>";
		};
		60C7D6832A9F92AD004C31F3 /* Resources */ = {
			isa = PBXGroup;
			children = (
				60C7D6712A9F58EF004C31F3 /* Assets.xcassets */,
			);
			path = Resources;
			sourceTree = "<group>";
		};
/* End PBXGroup section */

/* Begin PBXNativeTarget section */
		60C7D6642A9F58EE004C31F3 /* Calculato calories */ = {
			isa = PBXNativeTarget;
			buildConfigurationList = 60C7D6792A9F58EF004C31F3 /* Build configuration list for PBXNativeTarget "Calculato calories" */;
			buildPhases = (
				60C7D6612A9F58EE004C31F3 /* Sources */,
				60C7D6622A9F58EE004C31F3 /* Frameworks */,
				60C7D6632A9F58EE004C31F3 /* Resources */,
			);
			buildRules = (
			);
			dependencies = (
			);
			name = "Calculato calories";
			productName = "Calculato calories";
			productReference = 60C7D6652A9F58EE004C31F3 /* Calculato calories.app */;
			productType = "com.apple.product-type.application";
		};
/* End PBXNativeTarget section */

/* Begin PBXProject section */
		60C7D65D2A9F58EE004C31F3 /* Project object */ = {
			isa = PBXProject;
			attributes = {
				BuildIndependentTargetsInParallel = 1;
				LastSwiftUpdateCheck = 1430;
				LastUpgradeCheck = 1430;
				TargetAttributes = {
					60C7D6642A9F58EE004C31F3 = {
						CreatedOnToolsVersion = 14.3.1;
					};
				};
			};
			buildConfigurationList = 60C7D6602A9F58EE004C31F3 /* Build configuration list for PBXProject "Calculato calories" */;
			compatibilityVersion = "Xcode 14.0";
			developmentRegion = en;
			hasScannedForEncodings = 0;
			knownRegions = (
				en,
				Base,
			);
			mainGroup = 60C7D65C2A9F58EE004C31F3;
			productRefGroup = 60C7D6662A9F58EE004C31F3 /* Products */;
			projectDirPath = "";
			projectRoot = "";
			targets = (
				60C7D6642A9F58EE004C31F3 /* Calculato calories */,
			);
		};
/* End PBXProject section */

/* Begin PBXResourcesBuildPhase section */
		60C7D6632A9F58EE004C31F3 /* Resources */ = {
			isa = PBXResourcesBuildPhase;
			buildActionMask = 2147483647;
			files = (
				60C7D6752A9F58EF004C31F3 /* LaunchScreen.storyboard in Resources */,
				60C7D6722A9F58EF004C31F3 /* Assets.xcassets in Resources */,
				60C7D6702A9F58EE004C31F3 /* Main.storyboard in Resources */,
			);
			runOnlyForDeploymentPostprocessing = 0;
		};
/* End PBXResourcesBuildPhase section */

/* Begin PBXSourcesBuildPhase section */
		60C7D6612A9F58EE004C31F3 /* Sources */ = {
			isa = PBXSourcesBuildPhase;
			buildActionMask = 2147483647;
			files = (
				60C7D66D2A9F58EE004C31F3 /* CalculateViewController.swift in Sources */,
				60C7D6692A9F58EE004C31F3 /* AppDelegate.swift in Sources */,
				60C7D67D2A9F7E47004C31F3 /* ProfileViewController.swift in Sources */,
				6062FFBF2AC084E100C4F91F /* StorageManager.swift in Sources */,
				60C7D67F2A9F83A0004C31F3 /* TabBarViewController.swift in Sources */,
				60C7D66B2A9F58EE004C31F3 /* SceneDelegate.swift in Sources */,
				603597772A9FAE9400696F77 /* Calculator.swift in Sources */,
				6062FFC12AC091C600C4F91F /* ResultViewControllers.swift in Sources */,
			);
			runOnlyForDeploymentPostprocessing = 0;
		};
/* End PBXSourcesBuildPhase section */

/* Begin PBXVariantGroup section */
		60C7D66E2A9F58EE004C31F3 /* Main.storyboard */ = {
			isa = PBXVariantGroup;
			children = (
				60C7D66F2A9F58EE004C31F3 /* Base */,
			);
			name = Main.storyboard;
			sourceTree = "<group>";
		};
		60C7D6732A9F58EF004C31F3 /* LaunchScreen.storyboard */ = {
			isa = PBXVariantGroup;
			children = (
				60C7D6742A9F58EF004C31F3 /* Base */,
			);
			name = LaunchScreen.storyboard;
			sourceTree = "<group>";
		};
/* End PBXVariantGroup section */

/* Begin XCBuildConfiguration section */
		60C7D6772A9F58EF004C31F3 /* Debug */ = {
			isa = XCBuildConfiguration;
			buildSettings = {
				ALWAYS_SEARCH_USER_PATHS = NO;
				CLANG_ANALYZER_NONNULL = YES;
				CLANG_ANALYZER_NUMBER_OBJECT_CONVERSION = YES_AGGRESSIVE;
				CLANG_CXX_LANGUAGE_STANDARD = "gnu++20";
				CLANG_ENABLE_MODULES = YES;
				CLANG_ENABLE_OBJC_ARC = YES;
				CLANG_ENABLE_OBJC_WEAK = YES;
				CLANG_WARN_BLOCK_CAPTURE_AUTORELEASING = YES;
				CLANG_WARN_BOOL_CONVERSION = YES;
				CLANG_WARN_COMMA = YES;
				CLANG_WARN_CONSTANT_CONVERSION = YES;
				CLANG_WARN_DEPRECATED_OBJC_IMPLEMENTATIONS = YES;
				CLANG_WARN_DIRECT_OBJC_ISA_USAGE = YES_ERROR;
				CLANG_WARN_DOCUMENTATION_COMMENTS = YES;
				CLANG_WARN_EMPTY_BODY = YES;
				CLANG_WARN_ENUM_CONVERSION = YES;
				CLANG_WARN_INFINITE_RECURSION = YES;
				CLANG_WARN_INT_CONVERSION = YES;
				CLANG_WARN_NON_LITERAL_NULL_CONVERSION = YES;
				CLANG_WARN_OBJC_IMPLICIT_RETAIN_SELF = YES;
				CLANG_WARN_OBJC_LITERAL_CONVERSION = YES;
				CLANG_WARN_OBJC_ROOT_CLASS = YES_ERROR;
				CLANG_WARN_QUOTED_INCLUDE_IN_FRAMEWORK_HEADER = YES;
				CLANG_WARN_RANGE_LOOP_ANALYSIS = YES;
				CLANG_WARN_STRICT_PROTOTYPES = YES;
				CLANG_WARN_SUSPICIOUS_MOVE = YES;
				CLANG_WARN_UNGUARDED_AVAILABILITY = YES_AGGRESSIVE;
				CLANG_WARN_UNREACHABLE_CODE = YES;
				CLANG_WARN__DUPLICATE_METHOD_MATCH = YES;
				COPY_PHASE_STRIP = NO;
				DEBUG_INFORMATION_FORMAT = dwarf;
				ENABLE_STRICT_OBJC_MSGSEND = YES;
				ENABLE_TESTABILITY = YES;
				GCC_C_LANGUAGE_STANDARD = gnu11;
				GCC_DYNAMIC_NO_PIC = NO;
				GCC_NO_COMMON_BLOCKS = YES;
				GCC_OPTIMIZATION_LEVEL = 0;
				GCC_PREPROCESSOR_DEFINITIONS = (
					"DEBUG=1",
					"$(inherited)",
				);
				GCC_WARN_64_TO_32_BIT_CONVERSION = YES;
				GCC_WARN_ABOUT_RETURN_TYPE = YES_ERROR;
				GCC_WARN_UNDECLARED_SELECTOR = YES;
				GCC_WARN_UNINITIALIZED_AUTOS = YES_AGGRESSIVE;
				GCC_WARN_UNUSED_FUNCTION = YES;
				GCC_WARN_UNUSED_VARIABLE = YES;
				IPHONEOS_DEPLOYMENT_TARGET = 16.4;
				MTL_ENABLE_DEBUG_INFO = INCLUDE_SOURCE;
				MTL_FAST_MATH = YES;
				ONLY_ACTIVE_ARCH = YES;
				SDKROOT = iphoneos;
				SWIFT_ACTIVE_COMPILATION_CONDITIONS = DEBUG;
				SWIFT_OPTIMIZATION_LEVEL = "-Onone";
			};
			name = Debug;
		};
		60C7D6782A9F58EF004C31F3 /* Release */ = {
			isa = XCBuildConfiguration;
			buildSettings = {
				ALWAYS_SEARCH_USER_PATHS = NO;
				CLANG_ANALYZER_NONNULL = YES;
				CLANG_ANALYZER_NUMBER_OBJECT_CONVERSION = YES_AGGRESSIVE;
				CLANG_CXX_LANGUAGE_STANDARD = "gnu++20";
				CLANG_ENABLE_MODULES = YES;
				CLANG_ENABLE_OBJC_ARC = YES;
				CLANG_ENABLE_OBJC_WEAK = YES;
				CLANG_WARN_BLOCK_CAPTURE_AUTORELEASING = YES;
				CLANG_WARN_BOOL_CONVERSION = YES;
				CLANG_WARN_COMMA = YES;
				CLANG_WARN_CONSTANT_CONVERSION = YES;
				CLANG_WARN_DEPRECATED_OBJC_IMPLEMENTATIONS = YES;
				CLANG_WARN_DIRECT_OBJC_ISA_USAGE = YES_ERROR;
				CLANG_WARN_DOCUMENTATION_COMMENTS = YES;
				CLANG_WARN_EMPTY_BODY = YES;
				CLANG_WARN_ENUM_CONVERSION = YES;
				CLANG_WARN_INFINITE_RECURSION = YES;
				CLANG_WARN_INT_CONVERSION = YES;
				CLANG_WARN_NON_LITERAL_NULL_CONVERSION = YES;
				CLANG_WARN_OBJC_IMPLICIT_RETAIN_SELF = YES;
				CLANG_WARN_OBJC_LITERAL_CONVERSION = YES;
				CLANG_WARN_OBJC_ROOT_CLASS = YES_ERROR;
				CLANG_WARN_QUOTED_INCLUDE_IN_FRAMEWORK_HEADER = YES;
				CLANG_WARN_RANGE_LOOP_ANALYSIS = YES;
				CLANG_WARN_STRICT_PROTOTYPES = YES;
				CLANG_WARN_SUSPICIOUS_MOVE = YES;
				CLANG_WARN_UNGUARDED_AVAILABILITY = YES_AGGRESSIVE;
				CLANG_WARN_UNREACHABLE_CODE = YES;
				CLANG_WARN__DUPLICATE_METHOD_MATCH = YES;
				COPY_PHASE_STRIP = NO;
				DEBUG_INFORMATION_FORMAT = "dwarf-with-dsym";
				ENABLE_NS_ASSERTIONS = NO;
				ENABLE_STRICT_OBJC_MSGSEND = YES;
				GCC_C_LANGUAGE_STANDARD = gnu11;
				GCC_NO_COMMON_BLOCKS = YES;
				GCC_WARN_64_TO_32_BIT_CONVERSION = YES;
				GCC_WARN_ABOUT_RETURN_TYPE = YES_ERROR;
				GCC_WARN_UNDECLARED_SELECTOR = YES;
				GCC_WARN_UNINITIALIZED_AUTOS = YES_AGGRESSIVE;
				GCC_WARN_UNUSED_FUNCTION = YES;
				GCC_WARN_UNUSED_VARIABLE = YES;
				IPHONEOS_DEPLOYMENT_TARGET = 16.4;
				MTL_ENABLE_DEBUG_INFO = NO;
				MTL_FAST_MATH = YES;
				SDKROOT = iphoneos;
				SWIFT_COMPILATION_MODE = wholemodule;
				SWIFT_OPTIMIZATION_LEVEL = "-O";
				VALIDATE_PRODUCT = YES;
			};
			name = Release;
		};
		60C7D67A2A9F58EF004C31F3 /* Debug */ = {
			isa = XCBuildConfiguration;
			buildSettings = {
				ASSETCATALOG_COMPILER_APPICON_NAME = AppIcon;
				ASSETCATALOG_COMPILER_GLOBAL_ACCENT_COLOR_NAME = AccentColor;
				CODE_SIGN_STYLE = Automatic;
				CURRENT_PROJECT_VERSION = 1;
				DEVELOPMENT_TEAM = FVQZR7MUR6;
				GENERATE_INFOPLIST_FILE = YES;
				INFOPLIST_FILE = "Calculato calories/App/Info.plist";
				INFOPLIST_KEY_UIApplicationSupportsIndirectInputEvents = YES;
				INFOPLIST_KEY_UILaunchStoryboardName = LaunchScreen;
				INFOPLIST_KEY_UIMainStoryboardFile = Main;
				INFOPLIST_KEY_UISupportedInterfaceOrientations = UIInterfaceOrientationPortrait;
				INFOPLIST_KEY_UISupportedInterfaceOrientations_iPad = "UIInterfaceOrientationLandscapeLeft UIInterfaceOrientationLandscapeRight UIInterfaceOrientationPortrait UIInterfaceOrientationPortraitUpsideDown";
				LD_RUNPATH_SEARCH_PATHS = (
					"$(inherited)",
					"@executable_path/Frameworks",
				);
				MARKETING_VERSION = 0.1.0;
				PRODUCT_BUNDLE_IDENTIFIER = "Vydrin-S.V.Calculato-calories";
				PRODUCT_NAME = "$(TARGET_NAME)";
				SUPPORTED_PLATFORMS = "iphoneos iphonesimulator";
				SUPPORTS_MACCATALYST = NO;
				SUPPORTS_MAC_DESIGNED_FOR_IPHONE_IPAD = NO;
				SWIFT_EMIT_LOC_STRINGS = YES;
				SWIFT_VERSION = 5.0;
				TARGETED_DEVICE_FAMILY = 1;
			};
			name = Debug;
		};
		60C7D67B2A9F58EF004C31F3 /* Release */ = {
			isa = XCBuildConfiguration;
			buildSettings = {
				ASSETCATALOG_COMPILER_APPICON_NAME = AppIcon;
				ASSETCATALOG_COMPILER_GLOBAL_ACCENT_COLOR_NAME = AccentColor;
				CODE_SIGN_STYLE = Automatic;
				CURRENT_PROJECT_VERSION = 1;
				DEVELOPMENT_TEAM = FVQZR7MUR6;
				GENERATE_INFOPLIST_FILE = YES;
				INFOPLIST_FILE = "Calculato calories/App/Info.plist";
				INFOPLIST_KEY_UIApplicationSupportsIndirectInputEvents = YES;
				INFOPLIST_KEY_UILaunchStoryboardName = LaunchScreen;
				INFOPLIST_KEY_UIMainStoryboardFile = Main;
				INFOPLIST_KEY_UISupportedInterfaceOrientations = UIInterfaceOrientationPortrait;
				INFOPLIST_KEY_UISupportedInterfaceOrientations_iPad = "UIInterfaceOrientationLandscapeLeft UIInterfaceOrientationLandscapeRight UIInterfaceOrientationPortrait UIInterfaceOrientationPortraitUpsideDown";
				LD_RUNPATH_SEARCH_PATHS = (
					"$(inherited)",
					"@executable_path/Frameworks",
				);
				MARKETING_VERSION = 0.1.0;
				PRODUCT_BUNDLE_IDENTIFIER = "Vydrin-S.V.Calculato-calories";
				PRODUCT_NAME = "$(TARGET_NAME)";
				SUPPORTED_PLATFORMS = "iphoneos iphonesimulator";
				SUPPORTS_MACCATALYST = NO;
				SUPPORTS_MAC_DESIGNED_FOR_IPHONE_IPAD = NO;
				SWIFT_EMIT_LOC_STRINGS = YES;
				SWIFT_VERSION = 5.0;
				TARGETED_DEVICE_FAMILY = 1;
			};
			name = Release;
		};
/* End XCBuildConfiguration section */

/* Begin XCConfigurationList section */
		60C7D6602A9F58EE004C31F3 /* Build configuration list for PBXProject "Calculato calories" */ = {
			isa = XCConfigurationList;
			buildConfigurations = (
				60C7D6772A9F58EF004C31F3 /* Debug */,
				60C7D6782A9F58EF004C31F3 /* Release */,
			);
			defaultConfigurationIsVisible = 0;
			defaultConfigurationName = Release;
		};
		60C7D6792A9F58EF004C31F3 /* Build configuration list for PBXNativeTarget "Calculato calories" */ = {
			isa = XCConfigurationList;
			buildConfigurations = (
				60C7D67A2A9F58EF004C31F3 /* Debug */,
				60C7D67B2A9F58EF004C31F3 /* Release */,
			);
			defaultConfigurationIsVisible = 0;
			defaultConfigurationName = Release;
		};
/* End XCConfigurationList section */
	};
	rootObject = 60C7D65D2A9F58EE004C31F3 /* Project object */;
}
